
Microsoft Visual Studio Solution File, Format Version 12.00
# Visual Studio Version 16
VisualStudioVersion = 16.0.30907.101
MinimumVisualStudioVersion = 10.0.40219.1
Project("{FAE04EC0-301F-11D3-BF4B-00C04F79EFBC}") = "MJTimerTest", "MJTimerTest\MJTimerTest.csproj", "{E653352E-7986-4E07-81E8-50859D19C1B3}"
EndProject
Global
	GlobalSection(SolutionConfigurationPlatforms) = preSolution
		Debug|Any CPU = Debug|Any CPU
		Release|Any CPU = Release|Any CPU
	EndGlobalSection
	GlobalSection(ProjectConfigurationPlatforms) = postSolution
		{E653352E-7986-4E07-81E8-50859D19C1B3}.Debug|Any CPU.ActiveCfg = Debug|Any CPU
		{E653352E-7986-4E07-81E8-50859D19C1B3}.Debug|Any CPU.Build.0 = Debug|Any CPU
		{E653352E-7986-4E07-81E8-50859D19C1B3}.Release|Any CPU.ActiveCfg = Release|Any CPU
		{E653352E-7986-4E07-81E8-50859D19C1B3}.Release|Any CPU.Build.0 = Release|Any CPU
	EndGlobalSection
	GlobalSection(SolutionProperties) = preSolution
		HideSolutionNode = FALSE
	EndGlobalSection
	GlobalSection(ExtensibilityGlobals) = postSolution
		SolutionGuid = {04813FE7-8715-4F5E-A26A-F31B889E59F6}
	EndGlobalSection
EndGlobal
